// !$*UTF8*$!
{
	archiveVersion = 1;
	classes = {
	};
	objectVersion = 52;
	objects = {

/* Begin PBXBuildFile section */
		22EB27BA252FB9FD00996F13 /* AppDelegate.swift in Sources */ = {isa = PBXBuildFile; fileRef = 22EB27B9252FB9FD00996F13 /* AppDelegate.swift */; };
		22EB27BE252FB9FD00996F13 /* LoginViewController.swift in Sources */ = {isa = PBXBuildFile; fileRef = 22EB27BD252FB9FD00996F13 /* LoginViewController.swift */; };
		22EB27C1252FB9FD00996F13 /* Main.storyboard in Resources */ = {isa = PBXBuildFile; fileRef = 22EB27BF252FB9FD00996F13 /* Main.storyboard */; };
		22EB27C3252FBA0100996F13 /* Assets.xcassets in Resources */ = {isa = PBXBuildFile; fileRef = 22EB27C2252FBA0100996F13 /* Assets.xcassets */; };
		22EB27C6252FBA0100996F13 /* LaunchScreen.storyboard in Resources */ = {isa = PBXBuildFile; fileRef = 22EB27C4252FBA0100996F13 /* LaunchScreen.storyboard */; };
		22EB27CE252FBAB100996F13 /* ListTableViewController.swift in Sources */ = {isa = PBXBuildFile; fileRef = 22EB27CD252FBAB100996F13 /* ListTableViewController.swift */; };
		C4178C2A28F8E149001A0C78 /* FirebaseAnalyticsSwift in Frameworks */ = {isa = PBXBuildFile; productRef = C4178C2928F8E149001A0C78 /* FirebaseAnalyticsSwift */; };
		C4178C2C28F8E149001A0C78 /* FirebaseAuth in Frameworks */ = {isa = PBXBuildFile; productRef = C4178C2B28F8E149001A0C78 /* FirebaseAuth */; };
		C4178C2E28F8E149001A0C78 /* FirebaseFirestoreSwift in Frameworks */ = {isa = PBXBuildFile; productRef = C4178C2D28F8E149001A0C78 /* FirebaseFirestoreSwift */; };
		C4178C3028F8E149001A0C78 /* FirebaseRemoteConfigSwift in Frameworks */ = {isa = PBXBuildFile; productRef = C4178C2F28F8E149001A0C78 /* FirebaseRemoteConfigSwift */; };
		C4279D3128F793DC00F25369 /* DonationItem.swift in Sources */ = {isa = PBXBuildFile; fileRef = C4279D3028F793DC00F25369 /* DonationItem.swift */; };
		C4DDC1DB28FB66130026855D /* GoogleService-Info.plist in Resources */ = {isa = PBXBuildFile; fileRef = C4DDC1DA28FB66130026855D /* GoogleService-Info.plist */; };
/* End PBXBuildFile section */

/* Begin PBXFileReference section */
		22EB27B9252FB9FD00996F13 /* AppDelegate.swift */ = {isa = PBXFileReference; lastKnownFileType = sourcecode.swift; path = AppDelegate.swift; sourceTree = "<group>"; };
		22EB27BD252FB9FD00996F13 /* LoginViewController.swift */ = {isa = PBXFileReference; lastKnownFileType = sourcecode.swift; path = LoginViewController.swift; sourceTree = "<group>"; };
		22EB27C0252FB9FD00996F13 /* Base */ = {isa = PBXFileReference; lastKnownFileType = file.storyboard; name = Base; path = Base.lproj/Main.storyboard; sourceTree = "<group>"; };
		22EB27C2252FBA0100996F13 /* Assets.xcassets */ = {isa = PBXFileReference; lastKnownFileType = folder.assetcatalog; path = Assets.xcassets; sourceTree = "<group>"; };
		22EB27C5252FBA0100996F13 /* Base */ = {isa = PBXFileReference; lastKnownFileType = file.storyboard; name = Base; path = Base.lproj/LaunchScreen.storyboard; sourceTree = "<group>"; };
		22EB27CD252FBAB100996F13 /* ListTableViewController.swift */ = {isa = PBXFileReference; lastKnownFileType = sourcecode.swift; path = ListTableViewController.swift; sourceTree = "<group>"; };
		C4279D3028F793DC00F25369 /* DonationItem.swift */ = {isa = PBXFileReference; fileEncoding = 4; lastKnownFileType = sourcecode.swift; path = DonationItem.swift; sourceTree = "<group>"; };
		C42AF17B28F8E38E00A96BC5 /* Info.plist */ = {isa = PBXFileReference; fileEncoding = 4; lastKnownFileType = text.plist.xml; path = Info.plist; sourceTree = "<group>"; };
		C4DDC1D928FB65980026855D /* JulioJacquelineMaxNeulerWanderson.app */ = {isa = PBXFileReference; explicitFileType = wrapper.application; includeInIndex = 0; path = JulioJacquelineMaxNeulerWanderson.app; sourceTree = BUILT_PRODUCTS_DIR; };
		C4DDC1DA28FB66130026855D /* GoogleService-Info.plist */ = {isa = PBXFileReference; fileEncoding = 4; lastKnownFileType = text.plist.xml; path = "GoogleService-Info.plist"; sourceTree = "<group>"; };
/* End PBXFileReference section */

/* Begin PBXFrameworksBuildPhase section */
		22EB27B3252FB9FD00996F13 /* Frameworks */ = {
			isa = PBXFrameworksBuildPhase;
			buildActionMask = 2147483647;
			files = (
				C4178C2A28F8E149001A0C78 /* FirebaseAnalyticsSwift in Frameworks */,
				C4178C3028F8E149001A0C78 /* FirebaseRemoteConfigSwift in Frameworks */,
				C4178C2C28F8E149001A0C78 /* FirebaseAuth in Frameworks */,
				C4178C2E28F8E149001A0C78 /* FirebaseFirestoreSwift in Frameworks */,
			);
			runOnlyForDeploymentPostprocessing = 0;
		};
/* End PBXFrameworksBuildPhase section */

/* Begin PBXGroup section */
		22EB27AD252FB9FD00996F13 = {
			isa = PBXGroup;
			children = (
				22EB27B8252FB9FD00996F13 /* JulioJacquelineMaxNeulerWanderson */,
				C4DDC1D928FB65980026855D /* JulioJacquelineMaxNeulerWanderson.app */,
			);
			sourceTree = "<group>";
		};
		22EB27B8252FB9FD00996F13 /* JulioJacquelineMaxNeulerWanderson */ = {
			isa = PBXGroup;
			children = (
				22EB27B9252FB9FD00996F13 /* AppDelegate.swift */,
				22EB27BD252FB9FD00996F13 /* LoginViewController.swift */,
				22EB27CD252FBAB100996F13 /* ListTableViewController.swift */,
				22EB27BF252FB9FD00996F13 /* Main.storyboard */,
				22EB27C2252FBA0100996F13 /* Assets.xcassets */,
				22EB27C4252FBA0100996F13 /* LaunchScreen.storyboard */,
				C4279D3028F793DC00F25369 /* DonationItem.swift */,
				C4DDC1DA28FB66130026855D /* GoogleService-Info.plist */,
				C42AF17B28F8E38E00A96BC5 /* Info.plist */,
			);
			path = JulioJacquelineMaxNeulerWanderson;
			sourceTree = "<group>";
		};
/* End PBXGroup section */

/* Begin PBXNativeTarget section */
		22EB27B5252FB9FD00996F13 /* JulioJacquelineMaxNeulerWanderson */ = {
			isa = PBXNativeTarget;
			buildConfigurationList = 22EB27CA252FBA0100996F13 /* Build configuration list for PBXNativeTarget "JulioJacquelineMaxNeulerWanderson" */;
			buildPhases = (
				22EB27B2252FB9FD00996F13 /* Sources */,
				22EB27B3252FB9FD00996F13 /* Frameworks */,
				22EB27B4252FB9FD00996F13 /* Resources */,
			);
			buildRules = (
			);
			dependencies = (
			);
			name = JulioJacquelineMaxNeulerWanderson;
			packageProductDependencies = (
				C4178C2928F8E149001A0C78 /* FirebaseAnalyticsSwift */,
				C4178C2B28F8E149001A0C78 /* FirebaseAuth */,
				C4178C2D28F8E149001A0C78 /* FirebaseFirestoreSwift */,
				C4178C2F28F8E149001A0C78 /* FirebaseRemoteConfigSwift */,
			);
			productName = ShoppingList;
			productReference = C4DDC1D928FB65980026855D /* JulioJacquelineMaxNeulerWanderson.app */;
			productType = "com.apple.product-type.application";
		};
/* End PBXNativeTarget section */

/* Begin PBXProject section */
		22EB27AE252FB9FD00996F13 /* Project object */ = {
			isa = PBXProject;
			attributes = {
				LastSwiftUpdateCheck = 1170;
				LastUpgradeCheck = 1400;
				ORGANIZATIONNAME = FIAP;
				TargetAttributes = {
					22EB27B5252FB9FD00996F13 = {
						CreatedOnToolsVersion = 11.7;
					};
				};
			};
			buildConfigurationList = 22EB27B1252FB9FD00996F13 /* Build configuration list for PBXProject "JulioJacquelineMaxNeulerWanderson" */;
			compatibilityVersion = "Xcode 9.3";
			developmentRegion = en;
			hasScannedForEncodings = 0;
			knownRegions = (
				en,
				Base,
			);
			mainGroup = 22EB27AD252FB9FD00996F13;
			packageReferences = (
				C435EB8728F7866600529434 /* XCRemoteSwiftPackageReference "firebase-ios-sdk" */,
			);
			productRefGroup = 22EB27AD252FB9FD00996F13;
			projectDirPath = "";
			projectRoot = "";
			targets = (
				22EB27B5252FB9FD00996F13 /* JulioJacquelineMaxNeulerWanderson */,
			);
		};
/* End PBXProject section */

/* Begin PBXResourcesBuildPhase section */
		22EB27B4252FB9FD00996F13 /* Resources */ = {
			isa = PBXResourcesBuildPhase;
			buildActionMask = 2147483647;
			files = (
				22EB27C6252FBA0100996F13 /* LaunchScreen.storyboard in Resources */,
				C4DDC1DB28FB66130026855D /* GoogleService-Info.plist in Resources */,
				22EB27C3252FBA0100996F13 /* Assets.xcassets in Resources */,
				22EB27C1252FB9FD00996F13 /* Main.storyboard in Resources */,
			);
			runOnlyForDeploymentPostprocessing = 0;
		};
/* End PBXResourcesBuildPhase section */

/* Begin PBXSourcesBuildPhase section */
		22EB27B2252FB9FD00996F13 /* Sources */ = {
			isa = PBXSourcesBuildPhase;
			buildActionMask = 2147483647;
			files = (
				C4279D3128F793DC00F25369 /* DonationItem.swift in Sources */,
				22EB27BE252FB9FD00996F13 /* LoginViewController.swift in Sources */,
				22EB27CE252FBAB100996F13 /* ListTableViewController.swift in Sources */,
				22EB27BA252FB9FD00996F13 /* AppDelegate.swift in Sources */,
			);
			runOnlyForDeploymentPostprocessing = 0;
		};
/* End PBXSourcesBuildPhase section */

/* Begin PBXVariantGroup section */
		22EB27BF252FB9FD00996F13 /* Main.storyboard */ = {
			isa = PBXVariantGroup;
			children = (
				22EB27C0252FB9FD00996F13 /* Base */,
			);
			name = Main.storyboard;
			sourceTree = "<group>";
		};
		22EB27C4252FBA0100996F13 /* LaunchScreen.storyboard */ = {
			isa = PBXVariantGroup;
			children = (
				22EB27C5252FBA0100996F13 /* Base */,
			);
			name = LaunchScreen.storyboard;
			sourceTree = "<group>";
		};
/* End PBXVariantGroup section */

/* Begin XCBuildConfiguration section */
		22EB27C8252FBA0100996F13 /* Debug */ = {
			isa = XCBuildConfiguration;
			buildSettings = {
				ALWAYS_SEARCH_USER_PATHS = NO;
				CLANG_ANALYZER_NONNULL = YES;
				CLANG_ANALYZER_NUMBER_OBJECT_CONVERSION = YES_AGGRESSIVE;
				CLANG_CXX_LANGUAGE_STANDARD = "gnu++14";
				CLANG_CXX_LIBRARY = "libc++";
				CLANG_ENABLE_MODULES = YES;
				CLANG_ENABLE_OBJC_ARC = YES;
				CLANG_ENABLE_OBJC_WEAK = YES;
				CLANG_WARN_BLOCK_CAPTURE_AUTORELEASING = YES;
				CLANG_WARN_BOOL_CONVERSION = YES;
				CLANG_WARN_COMMA = YES;
				CLANG_WARN_CONSTANT_CONVERSION = YES;
				CLANG_WARN_DEPRECATED_OBJC_IMPLEMENTATIONS = YES;
				CLANG_WARN_DIRECT_OBJC_ISA_USAGE = YES_ERROR;
				CLANG_WARN_DOCUMENTATION_COMMENTS = YES;
				CLANG_WARN_EMPTY_BODY = YES;
				CLANG_WARN_ENUM_CONVERSION = YES;
				CLANG_WARN_INFINITE_RECURSION = YES;
				CLANG_WARN_INT_CONVERSION = YES;
				CLANG_WARN_NON_LITERAL_NULL_CONVERSION = YES;
				CLANG_WARN_OBJC_IMPLICIT_RETAIN_SELF = YES;
				CLANG_WARN_OBJC_LITERAL_CONVERSION = YES;
				CLANG_WARN_OBJC_ROOT_CLASS = YES_ERROR;
				CLANG_WARN_QUOTED_INCLUDE_IN_FRAMEWORK_HEADER = YES;
				CLANG_WARN_RANGE_LOOP_ANALYSIS = YES;
				CLANG_WARN_STRICT_PROTOTYPES = YES;
				CLANG_WARN_SUSPICIOUS_MOVE = YES;
				CLANG_WARN_UNGUARDED_AVAILABILITY = YES_AGGRESSIVE;
				CLANG_WARN_UNREACHABLE_CODE = YES;
				CLANG_WARN__DUPLICATE_METHOD_MATCH = YES;
				COPY_PHASE_STRIP = NO;
				DEBUG_INFORMATION_FORMAT = dwarf;
				ENABLE_STRICT_OBJC_MSGSEND = YES;
				ENABLE_TESTABILITY = YES;
				GCC_C_LANGUAGE_STANDARD = gnu11;
				GCC_DYNAMIC_NO_PIC = NO;
				GCC_NO_COMMON_BLOCKS = YES;
				GCC_OPTIMIZATION_LEVEL = 0;
				GCC_PREPROCESSOR_DEFINITIONS = (
					"DEBUG=1",
					"$(inherited)",
				);
				GCC_WARN_64_TO_32_BIT_CONVERSION = YES;
				GCC_WARN_ABOUT_RETURN_TYPE = YES_ERROR;
				GCC_WARN_UNDECLARED_SELECTOR = YES;
				GCC_WARN_UNINITIALIZED_AUTOS = YES_AGGRESSIVE;
				GCC_WARN_UNUSED_FUNCTION = YES;
				GCC_WARN_UNUSED_VARIABLE = YES;
				IPHONEOS_DEPLOYMENT_TARGET = 13.7;
				MTL_ENABLE_DEBUG_INFO = INCLUDE_SOURCE;
				MTL_FAST_MATH = YES;
				ONLY_ACTIVE_ARCH = YES;
				SDKROOT = iphoneos;
				SWIFT_ACTIVE_COMPILATION_CONDITIONS = DEBUG;
				SWIFT_OPTIMIZATION_LEVEL = "-Onone";
			};
			name = Debug;
		};
		22EB27C9252FBA0100996F13 /* Release */ = {
			isa = XCBuildConfiguration;
			buildSettings = {
				ALWAYS_SEARCH_USER_PATHS = NO;
				CLANG_ANALYZER_NONNULL = YES;
				CLANG_ANALYZER_NUMBER_OBJECT_CONVERSION = YES_AGGRESSIVE;
				CLANG_CXX_LANGUAGE_STANDARD = "gnu++14";
				CLANG_CXX_LIBRARY = "libc++";
				CLANG_ENABLE_MODULES = YES;
				CLANG_ENABLE_OBJC_ARC = YES;
				CLANG_ENABLE_OBJC_WEAK = YES;
				CLANG_WARN_BLOCK_CAPTURE_AUTORELEASING = YES;
				CLANG_WARN_BOOL_CONVERSION = YES;
				CLANG_WARN_COMMA = YES;
				CLANG_WARN_CONSTANT_CONVERSION = YES;
				CLANG_WARN_DEPRECATED_OBJC_IMPLEMENTATIONS = YES;
				CLANG_WARN_DIRECT_OBJC_ISA_USAGE = YES_ERROR;
				CLANG_WARN_DOCUMENTATION_COMMENTS = YES;
				CLANG_WARN_EMPTY_BODY = YES;
				CLANG_WARN_ENUM_CONVERSION = YES;
				CLANG_WARN_INFINITE_RECURSION = YES;
				CLANG_WARN_INT_CONVERSION = YES;
				CLANG_WARN_NON_LITERAL_NULL_CONVERSION = YES;
				CLANG_WARN_OBJC_IMPLICIT_RETAIN_SELF = YES;
				CLANG_WARN_OBJC_LITERAL_CONVERSION = YES;
				CLANG_WARN_OBJC_ROOT_CLASS = YES_ERROR;
				CLANG_WARN_QUOTED_INCLUDE_IN_FRAMEWORK_HEADER = YES;
				CLANG_WARN_RANGE_LOOP_ANALYSIS = YES;
				CLANG_WARN_STRICT_PROTOTYPES = YES;
				CLANG_WARN_SUSPICIOUS_MOVE = YES;
				CLANG_WARN_UNGUARDED_AVAILABILITY = YES_AGGRESSIVE;
				CLANG_WARN_UNREACHABLE_CODE = YES;
				CLANG_WARN__DUPLICATE_METHOD_MATCH = YES;
				COPY_PHASE_STRIP = NO;
				DEBUG_INFORMATION_FORMAT = "dwarf-with-dsym";
				ENABLE_NS_ASSERTIONS = NO;
				ENABLE_STRICT_OBJC_MSGSEND = YES;
				GCC_C_LANGUAGE_STANDARD = gnu11;
				GCC_NO_COMMON_BLOCKS = YES;
				GCC_WARN_64_TO_32_BIT_CONVERSION = YES;
				GCC_WARN_ABOUT_RETURN_TYPE = YES_ERROR;
				GCC_WARN_UNDECLARED_SELECTOR = YES;
				GCC_WARN_UNINITIALIZED_AUTOS = YES_AGGRESSIVE;
				GCC_WARN_UNUSED_FUNCTION = YES;
				GCC_WARN_UNUSED_VARIABLE = YES;
				IPHONEOS_DEPLOYMENT_TARGET = 13.7;
				MTL_ENABLE_DEBUG_INFO = NO;
				MTL_FAST_MATH = YES;
				SDKROOT = iphoneos;
				SWIFT_COMPILATION_MODE = wholemodule;
				SWIFT_OPTIMIZATION_LEVEL = "-O";
				VALIDATE_PRODUCT = YES;
			};
			name = Release;
		};
		22EB27CB252FBA0100996F13 /* Debug */ = {
			isa = XCBuildConfiguration;
			buildSettings = {
				ASSETCATALOG_COMPILER_APPICON_NAME = AppIcon;
				CODE_SIGN_STYLE = Automatic;
				INFOPLIST_FILE = JulioJacquelineMaxNeulerWanderson/Info.plist;
				LD_RUNPATH_SEARCH_PATHS = (
					"$(inherited)",
					"@executable_path/Frameworks",
				);
				PRODUCT_BUNDLE_IDENTIFIER = br.com.fiap.JulioJacquelineMaxNeulerWanderson;
				PRODUCT_NAME = "$(TARGET_NAME)";
				SWIFT_VERSION = 5.0;
				TARGETED_DEVICE_FAMILY = "1,2";
			};
			name = Debug;
		};
		22EB27CC252FBA0100996F13 /* Release */ = {
			isa = XCBuildConfiguration;
			buildSettings = {
				ASSETCATALOG_COMPILER_APPICON_NAME = AppIcon;
				CODE_SIGN_STYLE = Automatic;
				INFOPLIST_FILE = JulioJacquelineMaxNeulerWanderson/Info.plist;
				LD_RUNPATH_SEARCH_PATHS = (
					"$(inherited)",
					"@executable_path/Frameworks",
				);
				PRODUCT_BUNDLE_IDENTIFIER = br.com.fiap.JulioJacquelineMaxNeulerWanderson;
				PRODUCT_NAME = "$(TARGET_NAME)";
				SWIFT_VERSION = 5.0;
				TARGETED_DEVICE_FAMILY = "1,2";
			};
			name = Release;
		};
/* End XCBuildConfiguration section */

/* Begin XCConfigurationList section */
		22EB27B1252FB9FD00996F13 /* Build configuration list for PBXProject "JulioJacquelineMaxNeulerWanderson" */ = {
			isa = XCConfigurationList;
			buildConfigurations = (
				22EB27C8252FBA0100996F13 /* Debug */,
				22EB27C9252FBA0100996F13 /* Release */,
			);
			defaultConfigurationIsVisible = 0;
			defaultConfigurationName = Release;
		};
		22EB27CA252FBA0100996F13 /* Build configuration list for PBXNativeTarget "JulioJacquelineMaxNeulerWanderson" */ = {
			isa = XCConfigurationList;
			buildConfigurations = (
				22EB27CB252FBA0100996F13 /* Debug */,
				22EB27CC252FBA0100996F13 /* Release */,
			);
			defaultConfigurationIsVisible = 0;
			defaultConfigurationName = Release;
		};
/* End XCConfigurationList section */

/* Begin XCRemoteSwiftPackageReference section */
		C435EB8728F7866600529434 /* XCRemoteSwiftPackageReference "firebase-ios-sdk" */ = {
			isa = XCRemoteSwiftPackageReference;
			repositoryURL = "https://github.com/firebase/firebase-ios-sdk";
			requirement = {
				kind = upToNextMajorVersion;
				minimumVersion = 9.0.0;
			};
		};
/* End XCRemoteSwiftPackageReference section */

/* Begin XCSwiftPackageProductDependency section */
		C4178C2928F8E149001A0C78 /* FirebaseAnalyticsSwift */ = {
			isa = XCSwiftPackageProductDependency;
			package = C435EB8728F7866600529434 /* XCRemoteSwiftPackageReference "firebase-ios-sdk" */;
			productName = FirebaseAnalyticsSwift;
		};
		C4178C2B28F8E149001A0C78 /* FirebaseAuth */ = {
			isa = XCSwiftPackageProductDependency;
			package = C435EB8728F7866600529434 /* XCRemoteSwiftPackageReference "firebase-ios-sdk" */;
			productName = FirebaseAuth;
		};
		C4178C2D28F8E149001A0C78 /* FirebaseFirestoreSwift */ = {
			isa = XCSwiftPackageProductDependency;
			package = C435EB8728F7866600529434 /* XCRemoteSwiftPackageReference "firebase-ios-sdk" */;
			productName = FirebaseFirestoreSwift;
		};
		C4178C2F28F8E149001A0C78 /* FirebaseRemoteConfigSwift */ = {
			isa = XCSwiftPackageProductDependency;
			package = C435EB8728F7866600529434 /* XCRemoteSwiftPackageReference "firebase-ios-sdk" */;
			productName = FirebaseRemoteConfigSwift;
		};
/* End XCSwiftPackageProductDependency section */
	};
	rootObject = 22EB27AE252FB9FD00996F13 /* Project object */;
}
